{
    "_readme": [
        "This file locks the dependencies of your project to a known state",
        "Read more about it at https://getcomposer.org/doc/01-basic-usage.md#installing-dependencies",
        "This file is @generated automatically"
    ],
    "content-hash": "e9402ede46efad213a545e9aeefc61eb",
    "packages": [
        {
            "name": "binary-cube/dot-array",
            "version": "1.1.0",
            "source": {
                "type": "git",
                "url": "https://github.com/binary-cube/dot-array.git",
                "reference": "6dd32e9c5a7409d335deec1a616699f102a66b89"
            },
            "dist": {
                "type": "zip",
                "url": "https://api.github.com/repos/binary-cube/dot-array/zipball/6dd32e9c5a7409d335deec1a616699f102a66b89",
                "reference": "6dd32e9c5a7409d335deec1a616699f102a66b89",
                "shasum": ""
            },
            "require": {
                "ext-json": "*",
                "ext-mbstring": "*",
                "php": ">=7.1"
            },
            "require-dev": {
                "phpmd/phpmd": "*",
                "phpstan/phpstan": "*",
                "phpunit/phpunit": "~7.0",
                "squizlabs/php_codesniffer": "3.*"
            },
            "type": "library",
            "autoload": {
                "psr-4": {
                    "BinaryCube\\DotArray\\": "src"
                }
            },
            "notification-url": "https://packagist.org/downloads/",
            "license": [
                "MIT"
            ],
            "authors": [
                {
                    "name": "Banciu N. Cristian Mihai",
                    "homepage": "https://binary-cube.com",
                    "role": "Developer"
                }
            ],
            "description": "Navigate through array using JSON Dot notation path.",
            "keywords": [
                "array",
                "dot",
                "dot-array",
                "dotarray",
                "php-array",
                "php-array-json-path"
            ],
            "support": {
                "issues": "https://github.com/binary-cube/dot-array/issues?state=open",
                "source": "https://github.com/binary-cube/dot-array"
            },
            "time": "2019-03-02T07:27:11+00:00"
        }
    ],
    "packages-dev": [],
    "aliases": [],
    "minimum-stability": "stable",
    "stability-flags": [],
    "prefer-stable": false,
    "prefer-lowest": false,
    "platform": [],
    "platform-dev": [],
    "plugin-api-version": "2.1.0"
}
