{
    "_readme": [
        "This file locks the dependencies of your project to a known state",
        "Read more about it at https://getcomposer.org/doc/01-basic-usage.md#installing-dependencies",
        "This file is @generated automatically"
    ],
    "content-hash": "152915ff8d77fbae2e6f47585c3af340",
    "packages": [
        {
            "name": "midweste/objectpath",
            "version": "v1.0.1",
            "source": {
                "type": "git",
                "url": "https://github.com/midwestE/ObjectPath.git",
                "reference": "ca0ee3cfb4490ead122b2414a743c0876030f36b"
            },
            "dist": {
                "type": "zip",
                "url": "https://api.github.com/repos/midwestE/ObjectPath/zipball/ca0ee3cfb4490ead122b2414a743c0876030f36b",
                "reference": "ca0ee3cfb4490ead122b2414a743c0876030f36b",
                "shasum": ""
            },
            "require-dev": {
                "infection/infection": "^0.13.4",
                "phing/phing": "^2.16",
                "phpunit/phpunit": "^8.2",
                "squizlabs/php_codesniffer": "^3.2.0"
            },
            "type": "library",
            "autoload": {
                "psr-4": {
                    "MidwestE\\": "src/"
                }
            },
            "notification-url": "https://packagist.org/downloads/",
            "license": [
                "MIT"
            ],
            "authors": [
                {
                    "name": "MidwestE",
                    "role": "Developer"
                }
            ],
            "description": "Generic 'dot path' class for accessing and modifying data classes and arrays",
            "homepage": "https://github.com/midweste/objectpath",
            "keywords": [
                "json",
                "json path",
                "jsonpath",
                "object path"
            ],
            "support": {
                "issues": "https://github.com/midwestE/ObjectPath/issues",
                "source": "https://github.com/midwestE/ObjectPath/tree/master"
            },
            "time": "2019-10-22T14:09:38+00:00"
        }
    ],
    "packages-dev": [],
    "aliases": [],
    "minimum-stability": "stable",
    "stability-flags": [],
    "prefer-stable": false,
    "prefer-lowest": false,
    "platform": [],
    "platform-dev": [],
    "plugin-api-version": "2.1.0"
}
